{
  "name": "nupe_frontend",
  "version": "1.0.0",
  "lockfileVersion": 2,
  "requires": true,
  "packages": {
    "": {
      "name": "nupe_frontend",
      "version": "1.0.0",
      "dependencies": {
        "@mdi/font": "^5.5.55",
        "@nuxtjs/auth": "^4.9.1",
        "@nuxtjs/axios": "^5.12.2",
        "@nuxtjs/proxy": "^2.0.0",
        "@nuxtjs/style-resources": "^1.0.0",
        "@nuxtjs/toast": "^3.3.1",
        "dayjs": "^1.8.34",
        "nuxt": "^2.0.0",
        "nuxt-buefy": "^0.3.31",
        "sass": "^1.26.10",
        "sass-loader": "^9.0.2",
        "vue": "^2.6.12",
        "vue-gravatar": "^1.3.1",
        "vue-server-renderer": "^2.6.12",
        "vue-template-compiler": "^2.6.12"
      },
      "devDependencies": {}
    },
    "node_modules/@babel/cli": {
      "integrity": "sha512-YW5wOprO2LzMjoWZ5ZG6jfbY9JnkDxuHDwvnrThnuYtByorova/I0HNXJedrUfwuXFQfYOjcqDA4PU3qlZGZjg==",
      "dependencies": {
        "commander": "^4.0.1",
        "integrity": "sha512-wIEpkX4QvX8Mo9W6XF3EdGttrIPZWozHfEaDTU0WJD/TDnXMvdDh30mzUl/9qWhnf7naicYartcEfUghTCSNpA==",
